// !$*UTF8*$!
{
	archiveVersion = 1;
	classes = {
	};
	objectVersion = 46;
	objects = {

/* Begin PBXGroup section */
		2AB7C18F18925CB100AC6267 = {
			isa = PBXGroup;
			children = (
			);
			sourceTree = "<group>";
		};
/* End PBXGroup section */

/* Begin PBXProject section */
		2AB7C19018925CB100AC6267 /* Project object */ = {
			isa = PBXProject;
			attributes = {
				LastUpgradeCheck = 0500;
			};
			buildConfigurationList = 2AB7C19318925CB100AC6267 /* Build configuration list for PBXProject "DynamicRouting" */;
			compatibilityVersion = "Xcode 3.2";
			developmentRegion = English;
			hasScannedForEncodings = 0;
			knownRegions = (
				en,
			);
			mainGroup = 2AB7C18F18925CB100AC6267;
			projectDirPath = "";
			projectRoot = "";
			targets = (
			);
		};
/* End PBXProject section */

/* Begin XCBuildConfiguration section */
		2AB7C19418925CB100AC6267 /* Debug */ = {
			isa = XCBuildConfiguration;
			buildSettings = {
			};
			name = Debug;
		};
		2AB7C19518925CB100AC6267 /* Release */ = {
			isa = XCBuildConfiguration;
			buildSettings = {
			};
			name = Release;
		};
/* End XCBuildConfiguration section */

/* Begin XCConfigurationList section */
		2AB7C19318925CB100AC6267 /* Build configuration list for PBXProject "DynamicRouting" */ = {
			isa = XCConfigurationList;
			buildConfigurations = (
				2AB7C19418925CB100AC6267 /* Debug */,
				2AB7C19518925CB100AC6267 /* Release */,
			);
			defaultConfigurationIsVisible = 0;
			defaultConfigurationName = Release;
		};
/* End XCConfigurationList section */
	};
	rootObject = 2AB7C19018925CB100AC6267 /* Project object */;
}
